
Microsoft Visual Studio Solution File, Format Version 12.00
# Visual Studio Version 17
VisualStudioVersion = 17.14.36109.1 d17.14
MinimumVisualStudioVersion = 10.0.40219.1
Project("{FAE04EC0-301F-11D3-BF4B-00C04F79EFBC}") = "EasyInvoice", "EasyInvoice.csproj", "{F51873F1-FB31-4ECC-A904-043A7F933178}"
EndProject
Global
	GlobalSection(SolutionConfigurationPlatforms) = preSolution
		Debug|Any CPU = Debug|Any CPU
		Release|Any CPU = Release|Any CPU
	EndGlobalSection
	GlobalSection(ProjectConfigurationPlatforms) = postSolution
		{F51873F1-FB31-4ECC-A904-043A7F933178}.Debug|Any CPU.ActiveCfg = Debug|Any CPU
		{F51873F1-FB31-4ECC-A904-043A7F933178}.Debug|Any CPU.Build.0 = Debug|Any CPU
		{F51873F1-FB31-4ECC-A904-043A7F933178}.Release|Any CPU.ActiveCfg = Release|Any CPU
		{F51873F1-FB31-4ECC-A904-043A7F933178}.Release|Any CPU.Build.0 = Release|Any CPU
	EndGlobalSection
	GlobalSection(SolutionProperties) = preSolution
		HideSolutionNode = FALSE
	EndGlobalSection
	GlobalSection(ExtensibilityGlobals) = postSolution
		SolutionGuid = {D810A32B-D58E-40BC-B901-57AB0EDA12E4}
	EndGlobalSection
EndGlobal
